<?xml version="1.0" encoding="utf-8"?>
<Project ToolsVersion="4.0" xmlns="http://schemas.microsoft.com/developer/msbuild/2003">
  <ItemGroup>
    <Filter Include="源文件">
      <UniqueIdentifier>{4FC737F1-C7A5-4376-A066-2A32D752A2FF}</UniqueIdentifier>
      <Extensions>cpp;c;cc;cxx;c++;cppm;ixx;def;odl;idl;hpj;bat;asm;asmx</Extensions>
    </Filter>
    <Filter Include="头文件">
      <UniqueIdentifier>{93995380-89BD-4b04-88EB-625FBE52EBFB}</UniqueIdentifier>
      <Extensions>h;hh;hpp;hxx;h++;hm;inl;inc;ipp;xsd</Extensions>
    </Filter>
    <Filter Include="资源文件">
      <UniqueIdentifier>{67DA6AB6-F800-4c08-8B7A-83BB121AAD01}</UniqueIdentifier>
      <Extensions>rc;ico;cur;bmp;dlg;rc2;rct;bin;rgs;gif;jpg;jpeg;jpe;resx;tiff;tif;png;wav;mfcribbon-ms</Extensions>
    </Filter>
  </ItemGroup>
  <ItemGroup>
    <ClCompile Include="Sources\stdafx.cpp">
      <Filter>源文件</Filter>
    </ClCompile>
    <ClCompile Include="Sources\AssetLoader\GetAssetFilepath.cpp">
      <Filter>源文件</Filter>
    </ClCompile>
    <ClCompile Include="Sources\main.cpp">
      <Filter>源文件</Filter>
    </ClCompile>
    <ClCompile Include="Sources\AssetLoader\Shader.cpp">
      <Filter>源文件</Filter>
    </ClCompile>
    <ClCompile Include="Sources\AssetLoader\Texture.cpp">
      <Filter>源文件</Filter>
    </ClCompile>
    <ClCompile Include="Sources\AssetLoader\AssetManager.cpp">
      <Filter>源文件</Filter>
    </ClCompile>
    <ClCompile Include="Sources\Game\Renderer\Sprite.cpp">
      <Filter>源文件</Filter>
    </ClCompile>
    <ClCompile Include="Sources\Game\GameLevel.cpp">
      <Filter>源文件</Filter>
    </ClCompile>
    <ClCompile Include="Sources\Game\GameObject\BallObject.cpp">
      <Filter>源文件</Filter>
    </ClCompile>
    <ClCompile Include="Sources\Game\GameObject\GameObject.cpp">
      <Filter>源文件</Filter>
    </ClCompile>
    <ClCompile Include="Sources\Game\Game.cpp">
      <Filter>源文件</Filter>
    </ClCompile>
    <ClCompile Include="Sources\Game\Renderer\ParticleGenerator.cpp">
      <Filter>源文件</Filter>
    </ClCompile>
    <ClCompile Include="Sources\Game\Renderer\PostProcessor.cpp">
      <Filter>源文件</Filter>
    </ClCompile>
  </ItemGroup>
  <ItemGroup>
    <ClInclude Include="Sources\stdafx.h">
      <Filter>头文件</Filter>
    </ClInclude>
    <ClInclude Include="Sources\AssetLoader\GetAssetFilepath.h">
      <Filter>头文件</Filter>
    </ClInclude>
    <ClInclude Include="Sources\AssetLoader\Shader.h">
      <Filter>头文件</Filter>
    </ClInclude>
    <ClInclude Include="Sources\AssetLoader\Texture.h">
      <Filter>头文件</Filter>
    </ClInclude>
    <ClInclude Include="Sources\AssetLoader\AssetManager.h">
      <Filter>头文件</Filter>
    </ClInclude>
    <ClInclude Include="Sources\Game\Renderer\Sprite.h">
      <Filter>头文件</Filter>
    </ClInclude>
    <ClInclude Include="Sources\Game\GameLevel.h">
      <Filter>头文件</Filter>
    </ClInclude>
    <ClInclude Include="Sources\Game\GameObject\BallObject.h">
      <Filter>头文件</Filter>
    </ClInclude>
    <ClInclude Include="Sources\Game\GameObject\GameObject.h">
      <Filter>头文件</Filter>
    </ClInclude>
    <ClInclude Include="Sources\Game\Game.h">
      <Filter>头文件</Filter>
    </ClInclude>
    <ClInclude Include="Sources\Game\Renderer\ParticleGenerator.h">
      <Filter>头文件</Filter>
    </ClInclude>
    <ClInclude Include="Sources\Resource.h">
      <Filter>头文件</Filter>
    </ClInclude>
    <ClInclude Include="Sources\Game\Renderer\PostProcessor.h">
      <Filter>头文件</Filter>
    </ClInclude>
    <ClInclude Include="Sources\Game\GameObject\PowerUp.hpp">
      <Filter>头文件</Filter>
    </ClInclude>
  </ItemGroup>
  <ItemGroup>
    <None Include="Assets\Shaders\Vertex.glsl" />
    <None Include="Assets\Shaders\Sprite.glsl" />
    <None Include="Assets\Shaders\Particle.glsl" />
    <None Include="Sources\Game\Renderer\Vertices.inc">
      <Filter>头文件</Filter>
    </None>
    <None Include="Assets\Shaders\PostProcessor.glsl" />
    <None Include="Assets\Shaders\ScreenBufferVertex.glsl" />
  </ItemGroup>
  <ItemGroup>
    <ResourceCompile Include="Breakout.rc">
      <Filter>资源文件</Filter>
    </ResourceCompile>
  </ItemGroup>
</Project>